<Solution>
  <Project Path="Scarecrow.Api/Scarecrow.Api.csproj" />
  <Project Path="Scarecrow.Application/Scarecrow.Application.csproj" Id="dcaf89d5-f9f5-4d1b-9e5c-68f8f909c190" />
  <Project Path="Scarecrow.Domain/Scarecrow.Domain.csproj" Id="32544e11-ce7b-442c-843f-e6e366286b81" />
  <Project Path="Scarecrow.Infrastructure/Scarecrow.Infrastructure.csproj" Id="882d87bb-c36b-4393-bdb4-bbf91b15d062" />
</Solution>
